
Microsoft Visual Studio Solution File, Format Version 12.00
# Visual Studio 15
VisualStudioVersion = 15.0.26730.12
MinimumVisualStudioVersion = 10.0.40219.1
Project("{FAE04EC0-301F-11D3-BF4B-00C04F79EFBC}") = "eExtractor", "eExtractor.csproj", "{14A5A85D-C2AE-4DA2-A1C2-FC13CBDF803B}"
EndProject
Project("{FAE04EC0-301F-11D3-BF4B-00C04F79EFBC}") = "eExtractor.Test", "..\eExtractor.Test\eExtractor.Test.csproj", "{8753F3A6-B497-42F6-81A4-60E5F6DDF3FF}"
EndProject
Global
	GlobalSection(SolutionConfigurationPlatforms) = preSolution
		Debug|Any CPU = Debug|Any CPU
		Release|Any CPU = Release|Any CPU
	EndGlobalSection
	GlobalSection(ProjectConfigurationPlatforms) = postSolution
		{14A5A85D-C2AE-4DA2-A1C2-FC13CBDF803B}.Debug|Any CPU.ActiveCfg = Debug|Any CPU
		{14A5A85D-C2AE-4DA2-A1C2-FC13CBDF803B}.Debug|Any CPU.Build.0 = Debug|Any CPU
		{14A5A85D-C2AE-4DA2-A1C2-FC13CBDF803B}.Release|Any CPU.ActiveCfg = Release|Any CPU
		{14A5A85D-C2AE-4DA2-A1C2-FC13CBDF803B}.Release|Any CPU.Build.0 = Release|Any CPU
		{8753F3A6-B497-42F6-81A4-60E5F6DDF3FF}.Debug|Any CPU.ActiveCfg = Debug|Any CPU
		{8753F3A6-B497-42F6-81A4-60E5F6DDF3FF}.Debug|Any CPU.Build.0 = Debug|Any CPU
		{8753F3A6-B497-42F6-81A4-60E5F6DDF3FF}.Release|Any CPU.ActiveCfg = Release|Any CPU
		{8753F3A6-B497-42F6-81A4-60E5F6DDF3FF}.Release|Any CPU.Build.0 = Release|Any CPU
	EndGlobalSection
	GlobalSection(SolutionProperties) = preSolution
		HideSolutionNode = FALSE
	EndGlobalSection
	GlobalSection(ExtensibilityGlobals) = postSolution
		SolutionGuid = {0C2B330C-F222-475E-807A-D07EF7995951}
	EndGlobalSection
EndGlobal
